
Microsoft Visual Studio Solution File, Format Version 12.00
# Visual Studio Version 17
VisualStudioVersion = 17.1.32407.343
MinimumVisualStudioVersion = 10.0.40219.1
Project("{9A19103F-16F7-4668-BE54-9A1E7A4F7556}") = "RazorPage", "RazorPage\RazorPage.csproj", "{7EE0D12D-C517-43FC-9640-97011EA647D1}"
EndProject
Project("{9A19103F-16F7-4668-BE54-9A1E7A4F7556}") = "ClassLibrary", "ClassLibrary\ClassLibrary.csproj", "{DE0A6251-D5BA-42AD-983B-E1C9DC2E0ED9}"
EndProject
Project("{9A19103F-16F7-4668-BE54-9A1E7A4F7556}") = "DataAccessLibrary", "DataAccessLibrary\DataAccessLibrary.csproj", "{3928966C-741A-4818-8617-58FF1668F745}"
EndProject
Global
	GlobalSection(SolutionConfigurationPlatforms) = preSolution
		Debug|Any CPU = Debug|Any CPU
		Release|Any CPU = Release|Any CPU
	EndGlobalSection
	GlobalSection(ProjectConfigurationPlatforms) = postSolution
		{7EE0D12D-C517-43FC-9640-97011EA647D1}.Debug|Any CPU.ActiveCfg = Debug|Any CPU
		{7EE0D12D-C517-43FC-9640-97011EA647D1}.Debug|Any CPU.Build.0 = Debug|Any CPU
		{7EE0D12D-C517-43FC-9640-97011EA647D1}.Release|Any CPU.ActiveCfg = Release|Any CPU
		{7EE0D12D-C517-43FC-9640-97011EA647D1}.Release|Any CPU.Build.0 = Release|Any CPU
		{DE0A6251-D5BA-42AD-983B-E1C9DC2E0ED9}.Debug|Any CPU.ActiveCfg = Debug|Any CPU
		{DE0A6251-D5BA-42AD-983B-E1C9DC2E0ED9}.Debug|Any CPU.Build.0 = Debug|Any CPU
		{DE0A6251-D5BA-42AD-983B-E1C9DC2E0ED9}.Release|Any CPU.ActiveCfg = Release|Any CPU
		{DE0A6251-D5BA-42AD-983B-E1C9DC2E0ED9}.Release|Any CPU.Build.0 = Release|Any CPU
		{3928966C-741A-4818-8617-58FF1668F745}.Debug|Any CPU.ActiveCfg = Debug|Any CPU
		{3928966C-741A-4818-8617-58FF1668F745}.Debug|Any CPU.Build.0 = Debug|Any CPU
		{3928966C-741A-4818-8617-58FF1668F745}.Release|Any CPU.ActiveCfg = Release|Any CPU
		{3928966C-741A-4818-8617-58FF1668F745}.Release|Any CPU.Build.0 = Release|Any CPU
	EndGlobalSection
	GlobalSection(SolutionProperties) = preSolution
		HideSolutionNode = FALSE
	EndGlobalSection
	GlobalSection(ExtensibilityGlobals) = postSolution
		SolutionGuid = {8A334DAF-7CBA-4950-B204-A3FBE037E066}
	EndGlobalSection
EndGlobal
